schema: '2.0'
stages:
  data_ingestion:
    cmd: python src/data_ingestion.py
    deps:
    - path: src/data_ingestion.py
      hash: md5
      md5: 11b307249f88b7bd8c59ea72aee1540f
      size: 3698
    params:
      params.yaml:
        data_ingestion.test_size: 0.3
    outs:
    - path: data/raw
      hash: md5
      md5: d26befd2dda9438254177d9000d9ba1f.dir
      size: 484846
      nfiles: 2
  data_preprocessing:
    cmd: python src/data_preprocessing.py
    deps:
    - path: data/raw
      hash: md5
      md5: d26befd2dda9438254177d9000d9ba1f.dir
      size: 484846
      nfiles: 2
    - path: src/data_preprocessing.py
      hash: md5
      md5: 6ae322a9945d2fc2835de62c8acd8d67
      size: 4119
    outs:
    - path: data/interim
      hash: md5
      md5: 61ca13b2e20854a1f7bacbbcfeca409e.dir
      size: 262513
      nfiles: 2
  feature_engineering:
    cmd: python src/feature_engineering.py
    deps:
    - path: data/interim
      hash: md5
      md5: 61ca13b2e20854a1f7bacbbcfeca409e.dir
      size: 262513
      nfiles: 2
    - path: src/feature_engineering.py
      hash: md5
      md5: 8b971087b1b73b2e475b36be2efcf7d9
      size: 3912
    params:
      params.yaml:
        feature_engineering.max_features: 500
    outs:
    - path: data/processed
      hash: md5
      md5: 5db948bd2429f70787e2ca4e7ab68a44.dir
      size: 10993515
      nfiles: 2
  model_building:
    cmd: python src/model_building.py
    deps:
    - path: data/processed
      hash: md5
      md5: 5db948bd2429f70787e2ca4e7ab68a44.dir
      size: 10993515
      nfiles: 2
    - path: src/model_building.py
      hash: md5
      md5: da4f7fb654fe4c614ad22de7dca045d0
      size: 4481
    params:
      params.yaml:
        model_building.n_estimators: 100
        model_building.random_state: 2
    outs:
    - path: models/model.pkl
      hash: md5
      md5: 9fa0d944bc2a6f88c04961a2398c61a1
      size: 6601958
  model_evaluation:
    cmd: python src/model_evaluation.py
    deps:
    - path: models/model.pkl
      hash: md5
      md5: 9fa0d944bc2a6f88c04961a2398c61a1
      size: 6601958
    - path: src/model_evaluation.py
      hash: md5
      md5: 92dd9a1db4a82f4c5f4a3012133d3220
      size: 4641
    outs:
    - path: reports/metrics.json
      hash: md5
      md5: 20eed92a5b9647bec5c2544d2ea56104
      size: 144
